{
  "name": "condensedchess",
  "version": "1.0.0",
  "lockfileVersion": 3,
  "requires": true,
  "packages": {
    "": {
      "name": "condensedchess",
      "version": "1.0.0",
      "license": "ISC",
      "dependencies": {
        "chessops": "^0.15.0"
      }
    },
    "node_modules/@badrap/result": {
      "version": "0.3.1",
      "resolved": "https://registry.npmjs.org/@badrap/result/-/result-0.3.1.tgz",
      "integrity": "sha512-ECvpsyZYknoRD0peG1K+UkX5llld3TyK1Ot9Cq2epSoWK19nyzpGKVl98sadSmohu5wHNuiDl+Ex9SVdcIjiFg==",
      "license": "MIT",
      "engines": {
        "node": ">= 22"
      }
    },
    "node_modules/chessops": {
      "version": "0.15.0",
      "resolved": "https://registry.npmjs.org/chessops/-/chessops-0.15.0.tgz",
      "integrity": "sha512-4Ps0O8/UO09tDGbze1mMilUSMZjVYMFtQvrhlCQV385cO0BgdUPUZsq/r1Qrf6UQ4J0i7XcMbRRvFRKu+Ith1w==",
      "license": "GPL-3.0-or-later",
      "dependencies": {
        "@badrap/result": "^0.3"
      },
      "funding": {
        "url": "https://github.com/sponsors/niklasf"
      }
    }
  }
}
